
Microsoft Visual Studio Solution File, Format Version 12.00
# Visual Studio 15
VisualStudioVersion = 15.0.27703.2047
MinimumVisualStudioVersion = 10.0.40219.1
Project("{8BC9CEB8-8B4A-11D0-8D11-00A0C91BC942}") = "evolution", "evolution_vs2017.vcxproj", "{D8FE2186-4BF0-4B89-913F-6C26818E5AC5}"
EndProject
Global
	GlobalSection(Performance) = preSolution
		HasPerformanceSessions = true
	EndGlobalSection
	GlobalSection(SolutionConfigurationPlatforms) = preSolution
		Debug|Win32 = Debug|Win32
		Debug|x64 = Debug|x64
		Release|Win32 = Release|Win32
		Release|x64 = Release|x64
	EndGlobalSection
	GlobalSection(ProjectConfigurationPlatforms) = postSolution
		{D8FE2186-4BF0-4B89-913F-6C26818E5AC5}.Debug|Win32.ActiveCfg = Debug|Win32
		{D8FE2186-4BF0-4B89-913F-6C26818E5AC5}.Debug|Win32.Build.0 = Debug|Win32
		{D8FE2186-4BF0-4B89-913F-6C26818E5AC5}.Debug|x64.ActiveCfg = Debug|x64
		{D8FE2186-4BF0-4B89-913F-6C26818E5AC5}.Debug|x64.Build.0 = Debug|x64
		{D8FE2186-4BF0-4B89-913F-6C26818E5AC5}.Release|Win32.ActiveCfg = Release|Win32
		{D8FE2186-4BF0-4B89-913F-6C26818E5AC5}.Release|Win32.Build.0 = Release|Win32
		{D8FE2186-4BF0-4B89-913F-6C26818E5AC5}.Release|x64.ActiveCfg = Release|x64
		{D8FE2186-4BF0-4B89-913F-6C26818E5AC5}.Release|x64.Build.0 = Release|x64
	EndGlobalSection
	GlobalSection(SolutionProperties) = preSolution
		HideSolutionNode = FALSE
	EndGlobalSection
	GlobalSection(ExtensibilityGlobals) = postSolution
		SolutionGuid = {E8D31DEF-D41E-478E-B140-31BFBE62CFD1}
	EndGlobalSection
EndGlobal
